
Microsoft Visual Studio Solution File, Format Version 12.00
# Visual Studio 15
Project("{FAE04EC0-301F-11D3-BF4B-00C04F79EFBC}") = "Assembly-CSharp-Editor", "Assembly-CSharp-Editor.csproj", "{C53C6ACD-F134-ECDA-9B7F-73E8CC2BE249}"
EndProject
Project("{FAE04EC0-301F-11D3-BF4B-00C04F79EFBC}") = "Assembly-CSharp", "Assembly-CSharp.csproj", "{6EB8A5D1-7A2A-A6E2-759F-7F2758385F5A}"
EndProject
Global
	GlobalSection(SolutionConfigurationPlatforms) = preSolution
		Debug|Any CPU = Debug|Any CPU
		Release|Any CPU = Release|Any CPU
	EndGlobalSection
	GlobalSection(ProjectConfigurationPlatforms) = postSolution
		{C53C6ACD-F134-ECDA-9B7F-73E8CC2BE249}.Debug|Any CPU.ActiveCfg = Debug|Any CPU
		{C53C6ACD-F134-ECDA-9B7F-73E8CC2BE249}.Debug|Any CPU.Build.0 = Debug|Any CPU
		{C53C6ACD-F134-ECDA-9B7F-73E8CC2BE249}.Release|Any CPU.ActiveCfg = Release|Any CPU
		{C53C6ACD-F134-ECDA-9B7F-73E8CC2BE249}.Release|Any CPU.Build.0 = Release|Any CPU
		{6EB8A5D1-7A2A-A6E2-759F-7F2758385F5A}.Debug|Any CPU.ActiveCfg = Debug|Any CPU
		{6EB8A5D1-7A2A-A6E2-759F-7F2758385F5A}.Debug|Any CPU.Build.0 = Debug|Any CPU
		{6EB8A5D1-7A2A-A6E2-759F-7F2758385F5A}.Release|Any CPU.ActiveCfg = Release|Any CPU
		{6EB8A5D1-7A2A-A6E2-759F-7F2758385F5A}.Release|Any CPU.Build.0 = Release|Any CPU
	EndGlobalSection
	GlobalSection(SolutionProperties) = preSolution
		HideSolutionNode = FALSE
	EndGlobalSection
EndGlobal
