
Microsoft Visual Studio Solution File, Format Version 11.00
# Visual Studio 2010
Project("{FAE04EC0-301F-11D3-BF4B-00C04F79EFBC}") = "Assembly-CSharp", "Assembly-CSharp.csproj", "{22bc2181-0b1b-49c3-8d1a-46ed91c50f57}"
EndProject
Project("{FAE04EC0-301F-11D3-BF4B-00C04F79EFBC}") = "Assembly-CSharp-Editor", "Assembly-CSharp-Editor.csproj", "{1a257a36-dade-b7f8-7195-a839f3c6ede7}"
EndProject
Global
	GlobalSection(SolutionConfigurationPlatforms) = preSolution
		Debug|Any CPU = Debug|Any CPU
	EndGlobalSection
	GlobalSection(ProjectConfigurationPlatforms) = postSolution
		{22bc2181-0b1b-49c3-8d1a-46ed91c50f57}.Debug|Any CPU.ActiveCfg = Debug|Any CPU
		{22bc2181-0b1b-49c3-8d1a-46ed91c50f57}.Debug|Any CPU.Build.0 = Debug|Any CPU
		{1a257a36-dade-b7f8-7195-a839f3c6ede7}.Debug|Any CPU.ActiveCfg = Debug|Any CPU
		{1a257a36-dade-b7f8-7195-a839f3c6ede7}.Debug|Any CPU.Build.0 = Debug|Any CPU
	EndGlobalSection
	GlobalSection(SolutionProperties) = preSolution
		HideSolutionNode = FALSE
	EndGlobalSection
EndGlobal
